{
	"requires": true,
	"lockfileVersion": 1,
	"dependencies": {
		"classnames": {
			"version": "2.2.5",
			"resolved": "https://registry.npmjs.org/classnames/-/classnames-2.2.5.tgz",
			"integrity": "sha1-+zgB1FNGdknvNgPH1hoCvRKb3m0="
		},
		"lodash": {
			"version": "4.17.10",
			"resolved": "https://registry.npmjs.org/lodash/-/lodash-4.17.10.tgz",
			"integrity": "sha512-UejweD1pDoXu+AD825lWwp4ZGtSwgnpZxb3JDViD7StjQz+Nb/6l093lx4OQ0foGWNRoc19mWy7BzL+UAK2iVg=="
		},
		"polished": {
			"version": "1.9.2",
			"resolved": "https://registry.npmjs.org/polished/-/polished-1.9.2.tgz",
			"integrity": "sha512-mPocQrVUSiqQdHNZFGL1iHJmsR/etiv05Nf2oZUbya+GMsQkZVEBl5wonN+Sr/e9zQBEhT6yrMjxAUJ06eyocQ=="
		}
	}
}
